
Microsoft Visual Studio Solution File, Format Version 12.00
# Visual Studio Version 16
VisualStudioVersion = 16.0.30907.101
MinimumVisualStudioVersion = 10.0.40219.1
Project("{FAE04EC0-301F-11D3-BF4B-00C04F79EFBC}") = "labash6.v2", "labash6.v2\labash6.v2.csproj", "{55F1EE96-04BF-4B52-AEDC-ADE019EA82BE}"
EndProject
Global
	GlobalSection(SolutionConfigurationPlatforms) = preSolution
		Debug|Any CPU = Debug|Any CPU
		Release|Any CPU = Release|Any CPU
	EndGlobalSection
	GlobalSection(ProjectConfigurationPlatforms) = postSolution
		{55F1EE96-04BF-4B52-AEDC-ADE019EA82BE}.Debug|Any CPU.ActiveCfg = Debug|Any CPU
		{55F1EE96-04BF-4B52-AEDC-ADE019EA82BE}.Debug|Any CPU.Build.0 = Debug|Any CPU
		{55F1EE96-04BF-4B52-AEDC-ADE019EA82BE}.Release|Any CPU.ActiveCfg = Release|Any CPU
		{55F1EE96-04BF-4B52-AEDC-ADE019EA82BE}.Release|Any CPU.Build.0 = Release|Any CPU
	EndGlobalSection
	GlobalSection(SolutionProperties) = preSolution
		HideSolutionNode = FALSE
	EndGlobalSection
	GlobalSection(ExtensibilityGlobals) = postSolution
		SolutionGuid = {CF186DD2-1088-4111-B92F-3658795D32EF}
	EndGlobalSection
EndGlobal
